
Microsoft Visual Studio Solution File, Format Version 12.00
# Visual Studio 15
VisualStudioVersion = 15.0.27703.2042
MinimumVisualStudioVersion = 10.0.40219.1
Project("{FAE04EC0-301F-11D3-BF4B-00C04F79EFBC}") = "MVCMusicStore", "MVCMusicStore\MVCMusicStore.csproj", "{46BD90A0-A2F3-486D-B4E9-2BD58982B262}"
EndProject
Project("{FAE04EC0-301F-11D3-BF4B-00C04F79EFBC}") = "MVCMusicStore.Tests", "MVCMusicStore.Tests\MVCMusicStore.Tests.csproj", "{0A9C03CD-E8F5-4B5F-BBEC-800696A5D0D9}"
EndProject
Global
	GlobalSection(SolutionConfigurationPlatforms) = preSolution
		Debug|Any CPU = Debug|Any CPU
		Release|Any CPU = Release|Any CPU
	EndGlobalSection
	GlobalSection(ProjectConfigurationPlatforms) = postSolution
		{46BD90A0-A2F3-486D-B4E9-2BD58982B262}.Debug|Any CPU.ActiveCfg = Debug|Any CPU
		{46BD90A0-A2F3-486D-B4E9-2BD58982B262}.Debug|Any CPU.Build.0 = Debug|Any CPU
		{46BD90A0-A2F3-486D-B4E9-2BD58982B262}.Release|Any CPU.ActiveCfg = Release|Any CPU
		{46BD90A0-A2F3-486D-B4E9-2BD58982B262}.Release|Any CPU.Build.0 = Release|Any CPU
		{0A9C03CD-E8F5-4B5F-BBEC-800696A5D0D9}.Debug|Any CPU.ActiveCfg = Debug|Any CPU
		{0A9C03CD-E8F5-4B5F-BBEC-800696A5D0D9}.Debug|Any CPU.Build.0 = Debug|Any CPU
		{0A9C03CD-E8F5-4B5F-BBEC-800696A5D0D9}.Release|Any CPU.ActiveCfg = Release|Any CPU
		{0A9C03CD-E8F5-4B5F-BBEC-800696A5D0D9}.Release|Any CPU.Build.0 = Release|Any CPU
	EndGlobalSection
	GlobalSection(SolutionProperties) = preSolution
		HideSolutionNode = FALSE
	EndGlobalSection
	GlobalSection(ExtensibilityGlobals) = postSolution
		SolutionGuid = {2BAF158F-8A65-47F7-A004-05BFE21CAD80}
	EndGlobalSection
EndGlobal
